{
  "version": 4,
  "terraform_version": "1.12.2",
  "serial": 2,
  "lineage": "457cdc50-4276-2335-0134-0079676e4ea0",
  "outputs": {
    "api_key": {
      "value": "sk-47cd-9986-898f13127486",
      "type": "string",
      "sensitive": true
    },
    "application_name": {
      "value": "samsblog",
      "type": "string"
    },
    "environment_name": {
      "value": "dev",
      "type": "string"
    },
    "environment_prefix": {
      "value": "dev-samsblog-vpfpqm",
      "type": "string"
    },
    "kind": {
      "value": "p",
      "type": "string"
    },
    "primary_region": {
      "value": "us-east-1",
      "type": "string"
    },
    "primary_region_instace": {
      "value": "4",
      "type": "string"
    },
    "suffix": {
      "value": "vpfpqm",
      "type": "string"
    }
  },
  "resources": [
    {
      "mode": "managed",
      "type": "random_string",
      "name": "suffix",
      "provider": "provider[\"registry.terraform.io/hashicorp/random\"]",
      "instances": [
        {
          "schema_version": 2,
          "attributes": {
            "id": "vpfpqm",
            "keepers": null,
            "length": 6,
            "lower": true,
            "min_lower": 0,
            "min_numeric": 0,
            "min_special": 0,
            "min_upper": 0,
            "number": true,
            "numeric": true,
            "override_special": null,
            "result": "vpfpqm",
            "special": false,
            "upper": false
          },
          "sensitive_attributes": [],
          "identity_schema_version": 0
        }
      ]
    }
  ],
  "check_results": [
    {
      "object_kind": "var",
      "config_addr": "var.application_name",
      "status": "pass",
      "objects": [
        {
          "object_addr": "var.application_name",
          "status": "pass"
        }
      ]
    },
    {
      "object_kind": "var",
      "config_addr": "var.instance_count",
      "status": "pass",
      "objects": [
        {
          "object_addr": "var.instance_count",
          "status": "pass"
        }
      ]
    }
  ]
}
